{
  "version": 1,
  "dependencies": {
    "net10.0-windows10.0.19041": {
      "Microsoft.Data.Sqlite": {
        "type": "Direct",
        "requested": "[10.0.10, )",
        "resolved": "10.0.10",
        "contentHash": "58JwZ39lCvRXHfV5O6RQfbHEDu8ZsXI7weRoVRR4jrGRxxkS+qyeuGrN2xD+9VYEICApYr0iTSL6PuU+DdsvPg==",
        "dependencies": {
          "Microsoft.Data.Sqlite.Core": "10.0.10",
          "SQLitePCLRaw.bundle_e_sqlite3": "2.1.11",
          "SQLitePCLRaw.core": "2.1.11"
        }
      },
      "SQLitePCLRaw.bundle_e_sqlite3": {
        "type": "Direct",
        "requested": "[3.0.5, )",
        "resolved": "3.0.5",
        "contentHash": "SW8iASIyWMrLzqabUHYQRvALhvD4ylSBsj4PgEVGwc36kQjc9xT5kSV/XQ9rU7nIpBWD+LPyX3Hlw5FzyUzGeQ==",
        "dependencies": {
          "SQLite": "3.53.4",
          "SQLitePCLRaw.config.e_sqlite3": "3.0.5"
        }
      },
      "System.Security.Cryptography.ProtectedData": {
        "type": "Direct",
        "requested": "[10.0.10, )",
        "resolved": "10.0.10",
        "contentHash": "BKt0SQgq2lq3ESE68jkeLwv95ypANrPDtkTOIFGcnhg2aRUeUUBDrQlkVDZctrg1WenVcvn5P5XZnuYI7q6rFQ=="
      },
      "Microsoft.Data.Sqlite.Core": {
        "type": "Transitive",
        "resolved": "10.0.10",
        "contentHash": "TPCs0ldm7AWqcKmp6f/Xr+14sat7hx4rHfRlS4RgCURBH2thEWbAKEyX7cCWr63zVJVOJIJZTg2cBiUXa8ys6g==",
        "dependencies": {
          "SQLitePCLRaw.core": "2.1.11"
        }
      },
      "SQLite": {
        "type": "Transitive",
        "resolved": "3.53.4",
        "contentHash": "KN7jeWqgUPeBRe1FlcpZURzxomuKKEKHmBBQfg+Nx7NkY1LjKhzHvH+3ASkNvhayESE34nMBinL9CV21JfPRJw=="
      },
      "SQLitePCLRaw.config.e_sqlite3": {
        "type": "Transitive",
        "resolved": "3.0.5",
        "contentHash": "aSk8WE5tF2MybESMgtZAEyMVCAWA0nBqOMc48HFoa9UoSdtm3goDXVzNRnefeKIwE6bV9NaNXptn1F9ReMQI0Q==",
        "dependencies": {
          "SQLitePCLRaw.provider.e_sqlite3": "3.0.5"
        }
      },
      "SQLitePCLRaw.core": {
        "type": "Transitive",
        "resolved": "3.0.5",
        "contentHash": "k81AYXXRCw3Zj8rOhyBoCsx/U97KYDFI2CSKr/ijl5BwpsW/hX/4kBiDmerFaoust8nxBwa0IHQFw8MmSHRtnQ=="
      },
      "SQLitePCLRaw.provider.e_sqlite3": {
        "type": "Transitive",
        "resolved": "3.0.5",
        "contentHash": "um8YSWduhhuskTG2bHfZrBqMNQOydfU8pcseT+cu5RivOGyoUbCrGXxgoRNTmRYw2VbMWnEZVVFcneZT/5dsBg==",
        "dependencies": {
          "SQLitePCLRaw.core": "3.0.5"
        }
      }
    }
  }
}